{
  "version": "3",
  "packages": {
    "specifiers": {
      "jsr:@olli/kvdex": "jsr:@olli/kvdex@0.36.1",
      "jsr:@std/bytes@^0.220.0": "jsr:@std/bytes@0.220.1",
      "jsr:@std/collections@^0.220.0": "jsr:@std/collections@0.220.1",
      "jsr:@std/ulid@^0.220.0": "jsr:@std/ulid@0.220.1",
      "npm:@types/node": "npm:@types/node@18.16.19"
    },
    "jsr": {
      "@olli/kvdex@0.36.1": {
        "integrity": "36c47856ab436048bc39a7a104fdd66e64fdef6883fe8a6b0c608ac6600a05ec",
        "dependencies": [
          "jsr:@std/bytes@^0.220.0",
          "jsr:@std/collections@^0.220.0",
          "jsr:@std/ulid@^0.220.0"
        ]
      },
      "@std/bytes@0.220.1": {
        "integrity": "e522cdc7c152cfc8a09bd618618cbc710dcf57003ab6fab3a6c37ff4c88aa3db"
      },
      "@std/collections@0.220.1": {
        "integrity": "5820a8d7f69ef93af6807249dfa4be5b97ebf8654c587826612744cf7ae57ef2"
      },
      "@std/ulid@0.220.1": {
        "integrity": "e61b7cc36b8aab1a90cae0958b169a79bb71ded3cda039ba722fdc09191a5537"
      }
    },
    "npm": {
      "@types/node@18.16.19": {
        "integrity": "sha512-IXl7o+R9iti9eBW4Wg2hx1xQDig183jj7YLn8F7udNceyfkbn1ZxmzZXuak20gR40D7pIkIY1kYGx5VIGbaHKA==",
        "dependencies": {}
      }
    }
  },
  "remote": {
    "https://deno.land/std@0.221.0/encoding/_util.ts": "beacef316c1255da9bc8e95afb1fa56ed69baef919c88dc06ae6cb7a6103d376",
    "https://deno.land/std@0.221.0/encoding/hex.ts": "e939f50d55be48a1fe42fecaaecdb54353df38e831c47f374be7e6fdbe61510e",
    "https://deno.land/std@0.221.0/ulid/_util.ts": "27b0b5d69ab6e98406c75e85381e2dfd0b0c128b891f122a37ff2adda782e35b",
    "https://deno.land/std@0.221.0/ulid/mod.ts": "ce79f47b0c622a917f952708d34b18591db3523f0954ba85a3887a607937f3c3",
    "https://raw.githubusercontent.com/drashland/drash/main/src/core/Types.ts": "69fa67f7356678067f978a2324ff2260023908941f3e94e61c21c95e3366438c",
    "https://raw.githubusercontent.com/drashland/drash/main/src/core/errors/HTTPError.ts": "d1c406cc6ba585b773dbeb827e0a5cc96506e5f7cde31c5442c3f171a7c2d4c4",
    "https://raw.githubusercontent.com/drashland/drash/main/src/core/http/Resource.ts": "f4f49e82684fb4b88f174f68a0af041128037197fb5aac4e7da242d4a49c509d",
    "https://raw.githubusercontent.com/drashland/drash/main/src/core/http/response/Status.ts": "cc721a1cc2388a1850a3064092bb3b29f506f0fd2cffb0046625622265326ac7",
    "https://raw.githubusercontent.com/drashland/drash/main/src/core/http/response/StatusCode.ts": "a36a382cec0b0ddbe766d8b5d156d828bc7e2d1bee4e92e4489f6915c118e46e",
    "https://raw.githubusercontent.com/drashland/drash/main/src/core/http/response/StatusDescription.ts": "176657968113b45f4a3eb57c66e01c4e19b5b7893a8ce98cd589a7391ffdca37",
    "https://raw.githubusercontent.com/drashland/drash/main/src/core/http/response/StatusName.ts": "d80bd8e038e5f83b96ff9386601e450d5bcf3a7ad359329316a05539e0444a65",
    "https://raw.githubusercontent.com/drashland/drash/main/src/core/interfaces/IBuilder.ts": "8d42ac273b74350804d44b8522b460999e23849aa953aa7c009bae193f6d6bf2",
    "https://raw.githubusercontent.com/drashland/drash/main/src/core/interfaces/IHandler.ts": "8126c7aac0b0d9fb22ba7280502c4cead6f185ffea15b3b5d3b14c296eb0139e",
    "https://raw.githubusercontent.com/drashland/drash/main/src/core/types/ResponseStatusName.ts": "48b4c1b6c79e497efb3a6250561c3a806d43977fae4df348aac5a23ef03bd814",
    "https://raw.githubusercontent.com/drashland/drash/main/src/modules/base/RequestChain.ts": "4c483e2dd631d933d7ccdf19af3f0114261370f7b05c37988a424d8f036e9884",
    "https://raw.githubusercontent.com/drashland/drash/main/src/modules/chains/RequestChain/mod.native.ts": "1a4da2fb684e0d584e172246c1309f683e2f486e47c8617288bc906dab1a7383",
    "https://raw.githubusercontent.com/drashland/drash/main/src/standard/chains/AbstractChainBuilder.ts": "1d5e622e5dc63578fcd657b928bd59efc0f2fe817dc868bf3606da13d801f8e0",
    "https://raw.githubusercontent.com/drashland/drash/main/src/standard/handlers/AbstractSearchIndex.ts": "dce55bcbac9ffe66ffa3cd6c347cfeb33fa5d18c87e52a7c3f65c865cbadba7c",
    "https://raw.githubusercontent.com/drashland/drash/main/src/standard/handlers/Handler.ts": "8116d4183c1d799f045293ef57f3d857743e16413aa1b7138640d8c89036e79a",
    "https://raw.githubusercontent.com/drashland/drash/main/src/standard/handlers/RequestParamsParser.ts": "2ec681e0faaff7b43c1cc458dff58d68109ff2525eccd646fa0e451aa72a471a",
    "https://raw.githubusercontent.com/drashland/drash/main/src/standard/handlers/RequestValidator.ts": "205325710cfec0ec583be7b15dcc2ff178f0a8e40b9662304220bd1eb706821b",
    "https://raw.githubusercontent.com/drashland/drash/main/src/standard/handlers/ResourceCaller.ts": "cda72ce8ebb1fad438ec246776bd81165f855c931ab6f3d9d5fe7d33ad452051",
    "https://raw.githubusercontent.com/drashland/drash/main/src/standard/handlers/ResourceNotFoundHandler.ts": "801b276a17130ad6314f8e1cad43da8fcd37578b3b8873765c416da005c25e5b",
    "https://raw.githubusercontent.com/drashland/drash/main/src/standard/handlers/ResourcesIndex.ts": "ecd25e9ddcc32d3e4cd15bedd82b98da4edd6af2137ad116f9c3700c162fdddd",
    "https://raw.githubusercontent.com/drashland/drash/main/src/standard/http/Middleware.ts": "35d5889d9bfaadfc771ace8e0a70252779e8323a5938466c547e15fad5bda807",
    "https://raw.githubusercontent.com/drashland/drash/main/src/standard/http/ResourceGroup.ts": "6786ffc6b39b5180a75a21f4dcb726fa76858459bd9a48a8c02ecd47d204e5d6"
  },
  "workspace": {
    "dependencies": [
      "jsr:@olli/kvdex@^0.36.1"
    ]
  }
}
